// !$*UTF8*$!
{
	archiveVersion = 1;
	classes = {
	};
	objectVersion = 46;
	objects = {

/* Begin PBXBuildFile section */
		E1273BBB1CD32A5900ABE762 /* CitySearchSelectedViewController.swift in Sources */ = {isa = PBXBuildFile; fileRef = E1273BBA1CD32A5900ABE762 /* CitySearchSelectedViewController.swift */; };
		E178185B1CCF677C002A3D69 /* DestinationsViewController.swift in Sources */ = {isa = PBXBuildFile; fileRef = E178185A1CCF677C002A3D69 /* DestinationsViewController.swift */; };
		E178185D1CCF67A0002A3D69 /* MapViewController.swift in Sources */ = {isa = PBXBuildFile; fileRef = E178185C1CCF67A0002A3D69 /* MapViewController.swift */; };
		E17818601CD044DF002A3D69 /* ExpediaAPI.swift in Sources */ = {isa = PBXBuildFile; fileRef = E178185F1CD044DF002A3D69 /* ExpediaAPI.swift */; };
		E17818631CD049BE002A3D69 /* Utils.swift in Sources */ = {isa = PBXBuildFile; fileRef = E17818621CD049BE002A3D69 /* Utils.swift */; };
		E17818651CD0A1C2002A3D69 /* City.swift in Sources */ = {isa = PBXBuildFile; fileRef = E17818641CD0A1C2002A3D69 /* City.swift */; };
		E17818671CD0AD27002A3D69 /* CityDetailViewController.swift in Sources */ = {isa = PBXBuildFile; fileRef = E17818661CD0AD27002A3D69 /* CityDetailViewController.swift */; };
		E1A5566E1CD203D20023E316 /* CitiesSavedViewController.swift in Sources */ = {isa = PBXBuildFile; fileRef = E1A5566D1CD203D20023E316 /* CitiesSavedViewController.swift */; };
		E1A556701CD206530023E316 /* CityCell.swift in Sources */ = {isa = PBXBuildFile; fileRef = E1A5566F1CD206530023E316 /* CityCell.swift */; };
		E1D177E71CCD92CD00422EA5 /* AppDelegate.swift in Sources */ = {isa = PBXBuildFile; fileRef = E1D177E61CCD92CD00422EA5 /* AppDelegate.swift */; };
		E1D177EB1CCD92CD00422EA5 /* SearchViewController.swift in Sources */ = {isa = PBXBuildFile; fileRef = E1D177EA1CCD92CD00422EA5 /* SearchViewController.swift */; };
		E1D177EE1CCD92CD00422EA5 /* Main.storyboard in Resources */ = {isa = PBXBuildFile; fileRef = E1D177EC1CCD92CD00422EA5 /* Main.storyboard */; };
		E1D177F01CCD92CE00422EA5 /* Assets.xcassets in Resources */ = {isa = PBXBuildFile; fileRef = E1D177EF1CCD92CE00422EA5 /* Assets.xcassets */; };
		E1D177F31CCD92CE00422EA5 /* LaunchScreen.storyboard in Resources */ = {isa = PBXBuildFile; fileRef = E1D177F11CCD92CE00422EA5 /* LaunchScreen.storyboard */; };
		E1D177FE1CCD92CE00422EA5 /* CuriocityTests.swift in Sources */ = {isa = PBXBuildFile; fileRef = E1D177FD1CCD92CE00422EA5 /* CuriocityTests.swift */; };
/* End PBXBuildFile section */

/* Begin PBXContainerItemProxy section */
		E1D177FA1CCD92CE00422EA5 /* PBXContainerItemProxy */ = {
			isa = PBXContainerItemProxy;
			containerPortal = E1D177DB1CCD92CD00422EA5 /* Project object */;
			proxyType = 1;
			remoteGlobalIDString = E1D177E21CCD92CD00422EA5;
			remoteInfo = Curiocity;
		};
/* End PBXContainerItemProxy section */

/* Begin PBXFileReference section */
		E1273BBA1CD32A5900ABE762 /* CitySearchSelectedViewController.swift */ = {isa = PBXFileReference; fileEncoding = 4; lastKnownFileType = sourcecode.swift; path = CitySearchSelectedViewController.swift; sourceTree = "<group>"; };
		E178185A1CCF677C002A3D69 /* DestinationsViewController.swift */ = {isa = PBXFileReference; fileEncoding = 4; lastKnownFileType = sourcecode.swift; path = DestinationsViewController.swift; sourceTree = "<group>"; };
		E178185C1CCF67A0002A3D69 /* MapViewController.swift */ = {isa = PBXFileReference; fileEncoding = 4; lastKnownFileType = sourcecode.swift; path = MapViewController.swift; sourceTree = "<group>"; };
		E178185F1CD044DF002A3D69 /* ExpediaAPI.swift */ = {isa = PBXFileReference; fileEncoding = 4; lastKnownFileType = sourcecode.swift; path = ExpediaAPI.swift; sourceTree = "<group>"; };
		E17818621CD049BE002A3D69 /* Utils.swift */ = {isa = PBXFileReference; fileEncoding = 4; lastKnownFileType = sourcecode.swift; path = Utils.swift; sourceTree = "<group>"; };
		E17818641CD0A1C2002A3D69 /* City.swift */ = {isa = PBXFileReference; fileEncoding = 4; lastKnownFileType = sourcecode.swift; path = City.swift; sourceTree = "<group>"; };
		E17818661CD0AD27002A3D69 /* CityDetailViewController.swift */ = {isa = PBXFileReference; fileEncoding = 4; lastKnownFileType = sourcecode.swift; path = CityDetailViewController.swift; sourceTree = "<group>"; };
		E1A5566D1CD203D20023E316 /* CitiesSavedViewController.swift */ = {isa = PBXFileReference; fileEncoding = 4; lastKnownFileType = sourcecode.swift; path = CitiesSavedViewController.swift; sourceTree = "<group>"; };
		E1A5566F1CD206530023E316 /* CityCell.swift */ = {isa = PBXFileReference; fileEncoding = 4; lastKnownFileType = sourcecode.swift; path = CityCell.swift; sourceTree = "<group>"; };
		E1D177E31CCD92CD00422EA5 /* Curiocity.app */ = {isa = PBXFileReference; explicitFileType = wrapper.application; includeInIndex = 0; path = Curiocity.app; sourceTree = BUILT_PRODUCTS_DIR; };
		E1D177E61CCD92CD00422EA5 /* AppDelegate.swift */ = {isa = PBXFileReference; lastKnownFileType = sourcecode.swift; path = AppDelegate.swift; sourceTree = "<group>"; };
		E1D177EA1CCD92CD00422EA5 /* SearchViewController.swift */ = {isa = PBXFileReference; lastKnownFileType = sourcecode.swift; path = SearchViewController.swift; sourceTree = "<group>"; };
		E1D177ED1CCD92CD00422EA5 /* Base */ = {isa = PBXFileReference; lastKnownFileType = file.storyboard; name = Base; path = Base.lproj/Main.storyboard; sourceTree = "<group>"; };
		E1D177EF1CCD92CE00422EA5 /* Assets.xcassets */ = {isa = PBXFileReference; lastKnownFileType = folder.assetcatalog; path = Assets.xcassets; sourceTree = "<group>"; };
		E1D177F21CCD92CE00422EA5 /* Base */ = {isa = PBXFileReference; lastKnownFileType = file.storyboard; name = Base; path = Base.lproj/LaunchScreen.storyboard; sourceTree = "<group>"; };
		E1D177F41CCD92CE00422EA5 /* Info.plist */ = {isa = PBXFileReference; lastKnownFileType = text.plist.xml; path = Info.plist; sourceTree = "<group>"; };
		E1D177F91CCD92CE00422EA5 /* CuriocityTests.xctest */ = {isa = PBXFileReference; explicitFileType = wrapper.cfbundle; includeInIndex = 0; path = CuriocityTests.xctest; sourceTree = BUILT_PRODUCTS_DIR; };
		E1D177FD1CCD92CE00422EA5 /* CuriocityTests.swift */ = {isa = PBXFileReference; lastKnownFileType = sourcecode.swift; path = CuriocityTests.swift; sourceTree = "<group>"; };
		E1D177FF1CCD92CE00422EA5 /* Info.plist */ = {isa = PBXFileReference; lastKnownFileType = text.plist.xml; path = Info.plist; sourceTree = "<group>"; };
/* End PBXFileReference section */

/* Begin PBXFrameworksBuildPhase section */
		E1D177E01CCD92CD00422EA5 /* Frameworks */ = {
			isa = PBXFrameworksBuildPhase;
			buildActionMask = 2147483647;
			files = (
			);
			runOnlyForDeploymentPostprocessing = 0;
		};
		E1D177F61CCD92CE00422EA5 /* Frameworks */ = {
			isa = PBXFrameworksBuildPhase;
			buildActionMask = 2147483647;
			files = (
			);
			runOnlyForDeploymentPostprocessing = 0;
		};
/* End PBXFrameworksBuildPhase section */

/* Begin PBXGroup section */
		E178185E1CD044CA002A3D69 /* API */ = {
			isa = PBXGroup;
			children = (
				E178185F1CD044DF002A3D69 /* ExpediaAPI.swift */,
			);
			name = API;
			sourceTree = "<group>";
		};
		E17818611CD049A0002A3D69 /* Utils */ = {
			isa = PBXGroup;
			children = (
				E17818621CD049BE002A3D69 /* Utils.swift */,
			);
			name = Utils;
			sourceTree = "<group>";
		};
		E1D177DA1CCD92CD00422EA5 = {
			isa = PBXGroup;
			children = (
				E1D177E51CCD92CD00422EA5 /* Curiocity */,
				E1D177FC1CCD92CE00422EA5 /* CuriocityTests */,
				E1D177E41CCD92CD00422EA5 /* Products */,
			);
			sourceTree = "<group>";
		};
		E1D177E41CCD92CD00422EA5 /* Products */ = {
			isa = PBXGroup;
			children = (
				E1D177E31CCD92CD00422EA5 /* Curiocity.app */,
				E1D177F91CCD92CE00422EA5 /* CuriocityTests.xctest */,
			);
			name = Products;
			sourceTree = "<group>";
		};
		E1D177E51CCD92CD00422EA5 /* Curiocity */ = {
			isa = PBXGroup;
			children = (
				E178185E1CD044CA002A3D69 /* API */,
				E1D177E61CCD92CD00422EA5 /* AppDelegate.swift */,
				E17818611CD049A0002A3D69 /* Utils */,
				E178185A1CCF677C002A3D69 /* DestinationsViewController.swift */,
				E178185C1CCF67A0002A3D69 /* MapViewController.swift */,
				E17818661CD0AD27002A3D69 /* CityDetailViewController.swift */,
				E1A5566F1CD206530023E316 /* CityCell.swift */,
				E17818641CD0A1C2002A3D69 /* City.swift */,
				E1273BBA1CD32A5900ABE762 /* CitySearchSelectedViewController.swift */,
				E1D177EA1CCD92CD00422EA5 /* SearchViewController.swift */,
				E1D177EC1CCD92CD00422EA5 /* Main.storyboard */,
				E1A5566D1CD203D20023E316 /* CitiesSavedViewController.swift */,
				E1D177EF1CCD92CE00422EA5 /* Assets.xcassets */,
				E1D177F11CCD92CE00422EA5 /* LaunchScreen.storyboard */,
				E1D177F41CCD92CE00422EA5 /* Info.plist */,
			);
			path = Curiocity;
			sourceTree = "<group>";
		};
		E1D177FC1CCD92CE00422EA5 /* CuriocityTests */ = {
			isa = PBXGroup;
			children = (
				E1D177FD1CCD92CE00422EA5 /* CuriocityTests.swift */,
				E1D177FF1CCD92CE00422EA5 /* Info.plist */,
			);
			path = CuriocityTests;
			sourceTree = "<group>";
		};
/* End PBXGroup section */

/* Begin PBXNativeTarget section */
		E1D177E21CCD92CD00422EA5 /* Curiocity */ = {
			isa = PBXNativeTarget;
			buildConfigurationList = E1D178021CCD92CE00422EA5 /* Build configuration list for PBXNativeTarget "Curiocity" */;
			buildPhases = (
				E1D177DF1CCD92CD00422EA5 /* Sources */,
				E1D177E01CCD92CD00422EA5 /* Frameworks */,
				E1D177E11CCD92CD00422EA5 /* Resources */,
			);
			buildRules = (
			);
			dependencies = (
			);
			name = Curiocity;
			productName = Curiocity;
			productReference = E1D177E31CCD92CD00422EA5 /* Curiocity.app */;
			productType = "com.apple.product-type.application";
		};
		E1D177F81CCD92CE00422EA5 /* CuriocityTests */ = {
			isa = PBXNativeTarget;
			buildConfigurationList = E1D178051CCD92CE00422EA5 /* Build configuration list for PBXNativeTarget "CuriocityTests" */;
			buildPhases = (
				E1D177F51CCD92CE00422EA5 /* Sources */,
				E1D177F61CCD92CE00422EA5 /* Frameworks */,
				E1D177F71CCD92CE00422EA5 /* Resources */,
			);
			buildRules = (
			);
			dependencies = (
				E1D177FB1CCD92CE00422EA5 /* PBXTargetDependency */,
			);
			name = CuriocityTests;
			productName = CuriocityTests;
			productReference = E1D177F91CCD92CE00422EA5 /* CuriocityTests.xctest */;
			productType = "com.apple.product-type.bundle.unit-test";
		};
/* End PBXNativeTarget section */

/* Begin PBXProject section */
		E1D177DB1CCD92CD00422EA5 /* Project object */ = {
			isa = PBXProject;
			attributes = {
				LastSwiftUpdateCheck = 0720;
				LastUpgradeCheck = 0720;
				ORGANIZATIONNAME = "Amy Wong";
				TargetAttributes = {
					E1D177E21CCD92CD00422EA5 = {
						CreatedOnToolsVersion = 7.2.1;
					};
					E1D177F81CCD92CE00422EA5 = {
						CreatedOnToolsVersion = 7.2.1;
						TestTargetID = E1D177E21CCD92CD00422EA5;
					};
				};
			};
			buildConfigurationList = E1D177DE1CCD92CD00422EA5 /* Build configuration list for PBXProject "Curiocity" */;
			compatibilityVersion = "Xcode 3.2";
			developmentRegion = English;
			hasScannedForEncodings = 0;
			knownRegions = (
				en,
				Base,
			);
			mainGroup = E1D177DA1CCD92CD00422EA5;
			productRefGroup = E1D177E41CCD92CD00422EA5 /* Products */;
			projectDirPath = "";
			projectRoot = "";
			targets = (
				E1D177E21CCD92CD00422EA5 /* Curiocity */,
				E1D177F81CCD92CE00422EA5 /* CuriocityTests */,
			);
		};
/* End PBXProject section */

/* Begin PBXResourcesBuildPhase section */
		E1D177E11CCD92CD00422EA5 /* Resources */ = {
			isa = PBXResourcesBuildPhase;
			buildActionMask = 2147483647;
			files = (
				E1D177F31CCD92CE00422EA5 /* LaunchScreen.storyboard in Resources */,
				E1D177F01CCD92CE00422EA5 /* Assets.xcassets in Resources */,
				E1D177EE1CCD92CD00422EA5 /* Main.storyboard in Resources */,
			);
			runOnlyForDeploymentPostprocessing = 0;
		};
		E1D177F71CCD92CE00422EA5 /* Resources */ = {
			isa = PBXResourcesBuildPhase;
			buildActionMask = 2147483647;
			files = (
			);
			runOnlyForDeploymentPostprocessing = 0;
		};
/* End PBXResourcesBuildPhase section */

/* Begin PBXSourcesBuildPhase section */
		E1D177DF1CCD92CD00422EA5 /* Sources */ = {
			isa = PBXSourcesBuildPhase;
			buildActionMask = 2147483647;
			files = (
				E1D177EB1CCD92CD00422EA5 /* SearchViewController.swift in Sources */,
				E1D177E71CCD92CD00422EA5 /* AppDelegate.swift in Sources */,
				E1273BBB1CD32A5900ABE762 /* CitySearchSelectedViewController.swift in Sources */,
				E1A556701CD206530023E316 /* CityCell.swift in Sources */,
				E178185B1CCF677C002A3D69 /* DestinationsViewController.swift in Sources */,
				E17818631CD049BE002A3D69 /* Utils.swift in Sources */,
				E17818671CD0AD27002A3D69 /* CityDetailViewController.swift in Sources */,
				E17818601CD044DF002A3D69 /* ExpediaAPI.swift in Sources */,
				E1A5566E1CD203D20023E316 /* CitiesSavedViewController.swift in Sources */,
				E178185D1CCF67A0002A3D69 /* MapViewController.swift in Sources */,
				E17818651CD0A1C2002A3D69 /* City.swift in Sources */,
			);
			runOnlyForDeploymentPostprocessing = 0;
		};
		E1D177F51CCD92CE00422EA5 /* Sources */ = {
			isa = PBXSourcesBuildPhase;
			buildActionMask = 2147483647;
			files = (
				E1D177FE1CCD92CE00422EA5 /* CuriocityTests.swift in Sources */,
			);
			runOnlyForDeploymentPostprocessing = 0;
		};
/* End PBXSourcesBuildPhase section */

/* Begin PBXTargetDependency section */
		E1D177FB1CCD92CE00422EA5 /* PBXTargetDependency */ = {
			isa = PBXTargetDependency;
			target = E1D177E21CCD92CD00422EA5 /* Curiocity */;
			targetProxy = E1D177FA1CCD92CE00422EA5 /* PBXContainerItemProxy */;
		};
/* End PBXTargetDependency section */

/* Begin PBXVariantGroup section */
		E1D177EC1CCD92CD00422EA5 /* Main.storyboard */ = {
			isa = PBXVariantGroup;
			children = (
				E1D177ED1CCD92CD00422EA5 /* Base */,
			);
			name = Main.storyboard;
			sourceTree = "<group>";
		};
		E1D177F11CCD92CE00422EA5 /* LaunchScreen.storyboard */ = {
			isa = PBXVariantGroup;
			children = (
				E1D177F21CCD92CE00422EA5 /* Base */,
			);
			name = LaunchScreen.storyboard;
			sourceTree = "<group>";
		};
/* End PBXVariantGroup section */

/* Begin XCBuildConfiguration section */
		E1D178001CCD92CE00422EA5 /* Debug */ = {
			isa = XCBuildConfiguration;
			buildSettings = {
				ALWAYS_SEARCH_USER_PATHS = NO;
				CLANG_CXX_LANGUAGE_STANDARD = "gnu++0x";
				CLANG_CXX_LIBRARY = "libc++";
				CLANG_ENABLE_MODULES = YES;
				CLANG_ENABLE_OBJC_ARC = YES;
				CLANG_WARN_BOOL_CONVERSION = YES;
				CLANG_WARN_CONSTANT_CONVERSION = YES;
				CLANG_WARN_DIRECT_OBJC_ISA_USAGE = YES_ERROR;
				CLANG_WARN_EMPTY_BODY = YES;
				CLANG_WARN_ENUM_CONVERSION = YES;
				CLANG_WARN_INT_CONVERSION = YES;
				CLANG_WARN_OBJC_ROOT_CLASS = YES_ERROR;
				CLANG_WARN_UNREACHABLE_CODE = YES;
				CLANG_WARN__DUPLICATE_METHOD_MATCH = YES;
				"CODE_SIGN_IDENTITY[sdk=iphoneos*]" = "iPhone Developer";
				COPY_PHASE_STRIP = NO;
				DEBUG_INFORMATION_FORMAT = dwarf;
				ENABLE_STRICT_OBJC_MSGSEND = YES;
				ENABLE_TESTABILITY = YES;
				GCC_C_LANGUAGE_STANDARD = gnu99;
				GCC_DYNAMIC_NO_PIC = NO;
				GCC_NO_COMMON_BLOCKS = YES;
				GCC_OPTIMIZATION_LEVEL = 0;
				GCC_PREPROCESSOR_DEFINITIONS = (
					"DEBUG=1",
					"$(inherited)",
				);
				GCC_WARN_64_TO_32_BIT_CONVERSION = YES;
				GCC_WARN_ABOUT_RETURN_TYPE = YES_ERROR;
				GCC_WARN_UNDECLARED_SELECTOR = YES;
				GCC_WARN_UNINITIALIZED_AUTOS = YES_AGGRESSIVE;
				GCC_WARN_UNUSED_FUNCTION = YES;
				GCC_WARN_UNUSED_VARIABLE = YES;
				IPHONEOS_DEPLOYMENT_TARGET = 9.2;
				MTL_ENABLE_DEBUG_INFO = YES;
				ONLY_ACTIVE_ARCH = YES;
				SDKROOT = iphoneos;
				SWIFT_OPTIMIZATION_LEVEL = "-Onone";
			};
			name = Debug;
		};
		E1D178011CCD92CE00422EA5 /* Release */ = {
			isa = XCBuildConfiguration;
			buildSettings = {
				ALWAYS_SEARCH_USER_PATHS = NO;
				CLANG_CXX_LANGUAGE_STANDARD = "gnu++0x";
				CLANG_CXX_LIBRARY = "libc++";
				CLANG_ENABLE_MODULES = YES;
				CLANG_ENABLE_OBJC_ARC = YES;
				CLANG_WARN_BOOL_CONVERSION = YES;
				CLANG_WARN_CONSTANT_CONVERSION = YES;
				CLANG_WARN_DIRECT_OBJC_ISA_USAGE = YES_ERROR;
				CLANG_WARN_EMPTY_BODY = YES;
				CLANG_WARN_ENUM_CONVERSION = YES;
				CLANG_WARN_INT_CONVERSION = YES;
				CLANG_WARN_OBJC_ROOT_CLASS = YES_ERROR;
				CLANG_WARN_UNREACHABLE_CODE = YES;
				CLANG_WARN__DUPLICATE_METHOD_MATCH = YES;
				"CODE_SIGN_IDENTITY[sdk=iphoneos*]" = "iPhone Developer";
				COPY_PHASE_STRIP = NO;
				DEBUG_INFORMATION_FORMAT = "dwarf-with-dsym";
				ENABLE_NS_ASSERTIONS = NO;
				ENABLE_STRICT_OBJC_MSGSEND = YES;
				GCC_C_LANGUAGE_STANDARD = gnu99;
				GCC_NO_COMMON_BLOCKS = YES;
				GCC_WARN_64_TO_32_BIT_CONVERSION = YES;
				GCC_WARN_ABOUT_RETURN_TYPE = YES_ERROR;
				GCC_WARN_UNDECLARED_SELECTOR = YES;
				GCC_WARN_UNINITIALIZED_AUTOS = YES_AGGRESSIVE;
				GCC_WARN_UNUSED_FUNCTION = YES;
				GCC_WARN_UNUSED_VARIABLE = YES;
				IPHONEOS_DEPLOYMENT_TARGET = 9.2;
				MTL_ENABLE_DEBUG_INFO = NO;
				SDKROOT = iphoneos;
				VALIDATE_PRODUCT = YES;
			};
			name = Release;
		};
		E1D178031CCD92CE00422EA5 /* Debug */ = {
			isa = XCBuildConfiguration;
			buildSettings = {
				ASSETCATALOG_COMPILER_APPICON_NAME = AppIcon;
				INFOPLIST_FILE = Curiocity/Info.plist;
				LD_RUNPATH_SEARCH_PATHS = "$(inherited) @executable_path/Frameworks";
				PRODUCT_BUNDLE_IDENTIFIER = iosdecal.Curiocity;
				PRODUCT_NAME = "$(TARGET_NAME)";
			};
			name = Debug;
		};
		E1D178041CCD92CE00422EA5 /* Release */ = {
			isa = XCBuildConfiguration;
			buildSettings = {
				ASSETCATALOG_COMPILER_APPICON_NAME = AppIcon;
				INFOPLIST_FILE = Curiocity/Info.plist;
				LD_RUNPATH_SEARCH_PATHS = "$(inherited) @executable_path/Frameworks";
				PRODUCT_BUNDLE_IDENTIFIER = iosdecal.Curiocity;
				PRODUCT_NAME = "$(TARGET_NAME)";
			};
			name = Release;
		};
		E1D178061CCD92CE00422EA5 /* Debug */ = {
			isa = XCBuildConfiguration;
			buildSettings = {
				BUNDLE_LOADER = "$(TEST_HOST)";
				INFOPLIST_FILE = CuriocityTests/Info.plist;
				LD_RUNPATH_SEARCH_PATHS = "$(inherited) @executable_path/Frameworks @loader_path/Frameworks";
				PRODUCT_BUNDLE_IDENTIFIER = iosdecal.CuriocityTests;
				PRODUCT_NAME = "$(TARGET_NAME)";
				TEST_HOST = "$(BUILT_PRODUCTS_DIR)/Curiocity.app/Curiocity";
			};
			name = Debug;
		};
		E1D178071CCD92CE00422EA5 /* Release */ = {
			isa = XCBuildConfiguration;
			buildSettings = {
				BUNDLE_LOADER = "$(TEST_HOST)";
				INFOPLIST_FILE = CuriocityTests/Info.plist;
				LD_RUNPATH_SEARCH_PATHS = "$(inherited) @executable_path/Frameworks @loader_path/Frameworks";
				PRODUCT_BUNDLE_IDENTIFIER = iosdecal.CuriocityTests;
				PRODUCT_NAME = "$(TARGET_NAME)";
				TEST_HOST = "$(BUILT_PRODUCTS_DIR)/Curiocity.app/Curiocity";
			};
			name = Release;
		};
/* End XCBuildConfiguration section */

/* Begin XCConfigurationList section */
		E1D177DE1CCD92CD00422EA5 /* Build configuration list for PBXProject "Curiocity" */ = {
			isa = XCConfigurationList;
			buildConfigurations = (
				E1D178001CCD92CE00422EA5 /* Debug */,
				E1D178011CCD92CE00422EA5 /* Release */,
			);
			defaultConfigurationIsVisible = 0;
			defaultConfigurationName = Release;
		};
		E1D178021CCD92CE00422EA5 /* Build configuration list for PBXNativeTarget "Curiocity" */ = {
			isa = XCConfigurationList;
			buildConfigurations = (
				E1D178031CCD92CE00422EA5 /* Debug */,
				E1D178041CCD92CE00422EA5 /* Release */,
			);
			defaultConfigurationIsVisible = 0;
			defaultConfigurationName = Release;
		};
		E1D178051CCD92CE00422EA5 /* Build configuration list for PBXNativeTarget "CuriocityTests" */ = {
			isa = XCConfigurationList;
			buildConfigurations = (
				E1D178061CCD92CE00422EA5 /* Debug */,
				E1D178071CCD92CE00422EA5 /* Release */,
			);
			defaultConfigurationIsVisible = 0;
			defaultConfigurationName = Release;
		};
/* End XCConfigurationList section */
	};
	rootObject = E1D177DB1CCD92CD00422EA5 /* Project object */;
}
